
Microsoft Visual Studio Solution File, Format Version 12.00
# Visual Studio Version 17
VisualStudioVersion = 17.0.32126.317
MinimumVisualStudioVersion = 10.0.40219.1
Project("{FAE04EC0-301F-11D3-BF4B-00C04F79EFBC}") = "HotelService", "HotelService.csproj", "{024DE117-D2FE-4492-8BEA-C40295836D92}"
EndProject
Global
	GlobalSection(SolutionConfigurationPlatforms) = preSolution
		Debug|Any CPU = Debug|Any CPU
		Release|Any CPU = Release|Any CPU
	EndGlobalSection
	GlobalSection(ProjectConfigurationPlatforms) = postSolution
		{024DE117-D2FE-4492-8BEA-C40295836D92}.Debug|Any CPU.ActiveCfg = Debug|Any CPU
		{024DE117-D2FE-4492-8BEA-C40295836D92}.Debug|Any CPU.Build.0 = Debug|Any CPU
		{024DE117-D2FE-4492-8BEA-C40295836D92}.Release|Any CPU.ActiveCfg = Release|Any CPU
		{024DE117-D2FE-4492-8BEA-C40295836D92}.Release|Any CPU.Build.0 = Release|Any CPU
	EndGlobalSection
	GlobalSection(SolutionProperties) = preSolution
		HideSolutionNode = FALSE
	EndGlobalSection
	GlobalSection(ExtensibilityGlobals) = postSolution
		SolutionGuid = {BEDD4AA0-4D9D-43EC-B6F8-D5E4668BA402}
	EndGlobalSection
EndGlobal
